
Microsoft Visual Studio Solution File, Format Version 12.00
# Visual Studio 15
VisualStudioVersion = 15.0.27428.2037
MinimumVisualStudioVersion = 10.0.40219.1
Project("{FAE04EC0-301F-11D3-BF4B-00C04F79EFBC}") = "Lab4ServiceLibrary", "Lab4ServiceLibrary\Lab4ServiceLibrary.csproj", "{4D706410-23CB-4D5D-9E15-B17C5EDDE9C0}"
EndProject
Project("{FAE04EC0-301F-11D3-BF4B-00C04F79EFBC}") = "BinaryConverter", "BinaryConverter\BinaryConverter.csproj", "{B105B1FE-9799-4A02-BDF5-61DB0BF8C6A4}"
EndProject
Project("{FAE04EC0-301F-11D3-BF4B-00C04F79EFBC}") = "BinaryConverterAppClient", "BinaryConverterAppClient\BinaryConverterAppClient.csproj", "{B5B927D1-BE96-40B9-A185-37C72360ED9A}"
	ProjectSection(ProjectDependencies) = postProject
		{4D706410-23CB-4D5D-9E15-B17C5EDDE9C0} = {4D706410-23CB-4D5D-9E15-B17C5EDDE9C0}
	EndProjectSection
EndProject
Project("{FAE04EC0-301F-11D3-BF4B-00C04F79EFBC}") = "BinaryConverterDLL", "BinaryConverterDLL\BinaryConverterDLL.csproj", "{4F678005-3433-4495-B017-35FBD54A5C4F}"
EndProject
Project("{FAE04EC0-301F-11D3-BF4B-00C04F79EFBC}") = "BinaryConverterConsoleApp", "BinaryConverterConsoleApp\BinaryConverterConsoleApp.csproj", "{8E010BA4-4B6F-49DB-9B95-0B3A094A8A60}"
EndProject
Global
	GlobalSection(SolutionConfigurationPlatforms) = preSolution
		Debug|Any CPU = Debug|Any CPU
		Release|Any CPU = Release|Any CPU
	EndGlobalSection
	GlobalSection(ProjectConfigurationPlatforms) = postSolution
		{4D706410-23CB-4D5D-9E15-B17C5EDDE9C0}.Debug|Any CPU.ActiveCfg = Debug|Any CPU
		{4D706410-23CB-4D5D-9E15-B17C5EDDE9C0}.Debug|Any CPU.Build.0 = Debug|Any CPU
		{4D706410-23CB-4D5D-9E15-B17C5EDDE9C0}.Release|Any CPU.ActiveCfg = Release|Any CPU
		{4D706410-23CB-4D5D-9E15-B17C5EDDE9C0}.Release|Any CPU.Build.0 = Release|Any CPU
		{B105B1FE-9799-4A02-BDF5-61DB0BF8C6A4}.Debug|Any CPU.ActiveCfg = Debug|Any CPU
		{B105B1FE-9799-4A02-BDF5-61DB0BF8C6A4}.Debug|Any CPU.Build.0 = Debug|Any CPU
		{B105B1FE-9799-4A02-BDF5-61DB0BF8C6A4}.Release|Any CPU.ActiveCfg = Release|Any CPU
		{B105B1FE-9799-4A02-BDF5-61DB0BF8C6A4}.Release|Any CPU.Build.0 = Release|Any CPU
		{B5B927D1-BE96-40B9-A185-37C72360ED9A}.Debug|Any CPU.ActiveCfg = Debug|Any CPU
		{B5B927D1-BE96-40B9-A185-37C72360ED9A}.Debug|Any CPU.Build.0 = Debug|Any CPU
		{B5B927D1-BE96-40B9-A185-37C72360ED9A}.Release|Any CPU.ActiveCfg = Release|Any CPU
		{B5B927D1-BE96-40B9-A185-37C72360ED9A}.Release|Any CPU.Build.0 = Release|Any CPU
		{4F678005-3433-4495-B017-35FBD54A5C4F}.Debug|Any CPU.ActiveCfg = Debug|Any CPU
		{4F678005-3433-4495-B017-35FBD54A5C4F}.Debug|Any CPU.Build.0 = Debug|Any CPU
		{4F678005-3433-4495-B017-35FBD54A5C4F}.Release|Any CPU.ActiveCfg = Release|Any CPU
		{4F678005-3433-4495-B017-35FBD54A5C4F}.Release|Any CPU.Build.0 = Release|Any CPU
		{8E010BA4-4B6F-49DB-9B95-0B3A094A8A60}.Debug|Any CPU.ActiveCfg = Debug|Any CPU
		{8E010BA4-4B6F-49DB-9B95-0B3A094A8A60}.Debug|Any CPU.Build.0 = Debug|Any CPU
		{8E010BA4-4B6F-49DB-9B95-0B3A094A8A60}.Release|Any CPU.ActiveCfg = Release|Any CPU
		{8E010BA4-4B6F-49DB-9B95-0B3A094A8A60}.Release|Any CPU.Build.0 = Release|Any CPU
	EndGlobalSection
	GlobalSection(SolutionProperties) = preSolution
		HideSolutionNode = FALSE
	EndGlobalSection
	GlobalSection(ExtensibilityGlobals) = postSolution
		SolutionGuid = {C8090C3F-A371-48FC-97B4-657830ABB8A1}
	EndGlobalSection
EndGlobal
